
Microsoft Visual Studio Solution File, Format Version 10.00
# Visual Studio 2008
Project("{FAE04EC0-301F-11D3-BF4B-00C04F79EFBC}") = "MDIForm", "MDIForm\MDIForm.csproj", "{7DA99E66-2A0D-445A-B900-F12611F786C9}"
EndProject
Global
	GlobalSection(SolutionConfigurationPlatforms) = preSolution
		Debug|Any CPU = Debug|Any CPU
		Release|Any CPU = Release|Any CPU
	EndGlobalSection
	GlobalSection(ProjectConfigurationPlatforms) = postSolution
		{7DA99E66-2A0D-445A-B900-F12611F786C9}.Debug|Any CPU.ActiveCfg = Debug|Any CPU
		{7DA99E66-2A0D-445A-B900-F12611F786C9}.Debug|Any CPU.Build.0 = Debug|Any CPU
		{7DA99E66-2A0D-445A-B900-F12611F786C9}.Release|Any CPU.ActiveCfg = Release|Any CPU
		{7DA99E66-2A0D-445A-B900-F12611F786C9}.Release|Any CPU.Build.0 = Release|Any CPU
	EndGlobalSection
	GlobalSection(SolutionProperties) = preSolution
		HideSolutionNode = FALSE
	EndGlobalSection
EndGlobal
