
Microsoft Visual Studio Solution File, Format Version 10.00
# Visual Studio 2008
Project("{FAE04EC0-301F-11D3-BF4B-00C04F79EFBC}") = "CreateStatusStrip", "CreateStatusStrip\CreateStatusStrip.csproj", "{4A636B2E-FDCC-4887-9F94-5AE6ADA67C81}"
EndProject
Global
	GlobalSection(SolutionConfigurationPlatforms) = preSolution
		Debug|Any CPU = Debug|Any CPU
		Release|Any CPU = Release|Any CPU
	EndGlobalSection
	GlobalSection(ProjectConfigurationPlatforms) = postSolution
		{4A636B2E-FDCC-4887-9F94-5AE6ADA67C81}.Debug|Any CPU.ActiveCfg = Debug|Any CPU
		{4A636B2E-FDCC-4887-9F94-5AE6ADA67C81}.Debug|Any CPU.Build.0 = Debug|Any CPU
		{4A636B2E-FDCC-4887-9F94-5AE6ADA67C81}.Release|Any CPU.ActiveCfg = Release|Any CPU
		{4A636B2E-FDCC-4887-9F94-5AE6ADA67C81}.Release|Any CPU.Build.0 = Release|Any CPU
	EndGlobalSection
	GlobalSection(SolutionProperties) = preSolution
		HideSolutionNode = FALSE
	EndGlobalSection
EndGlobal
