
Microsoft Visual Studio Solution File, Format Version 10.00
# Visual Studio 2008
Project("{FAE04EC0-301F-11D3-BF4B-00C04F79EFBC}") = "SendEmailAddAtt", "SendEmailAddAtt\SendEmailAddAtt.csproj", "{198C3492-C80F-46E4-9073-F2AB63DD0B1C}"
EndProject
Global
	GlobalSection(SolutionConfigurationPlatforms) = preSolution
		Debug|Any CPU = Debug|Any CPU
		Release|Any CPU = Release|Any CPU
	EndGlobalSection
	GlobalSection(ProjectConfigurationPlatforms) = postSolution
		{198C3492-C80F-46E4-9073-F2AB63DD0B1C}.Debug|Any CPU.ActiveCfg = Debug|Any CPU
		{198C3492-C80F-46E4-9073-F2AB63DD0B1C}.Debug|Any CPU.Build.0 = Debug|Any CPU
		{198C3492-C80F-46E4-9073-F2AB63DD0B1C}.Release|Any CPU.ActiveCfg = Release|Any CPU
		{198C3492-C80F-46E4-9073-F2AB63DD0B1C}.Release|Any CPU.Build.0 = Release|Any CPU
	EndGlobalSection
	GlobalSection(SolutionProperties) = preSolution
		HideSolutionNode = FALSE
	EndGlobalSection
EndGlobal
