Microsoft Visual Studio Solution File, Format Version 8.00
Project("{FAE04EC0-301F-11D3-BF4B-00C04F79EFBC}") = "EX5-11", "EX5-11.csproj", "{A7504B31-E046-4957-A132-9562423DDD38}"
	ProjectSection(ProjectDependencies) = postProject
	EndProjectSection
EndProject
Global
	GlobalSection(SolutionConfiguration) = preSolution
		Debug = Debug
		Release = Release
	EndGlobalSection
	GlobalSection(ProjectConfiguration) = postSolution
		{A7504B31-E046-4957-A132-9562423DDD38}.Debug.ActiveCfg = Debug|.NET
		{A7504B31-E046-4957-A132-9562423DDD38}.Debug.Build.0 = Debug|.NET
		{A7504B31-E046-4957-A132-9562423DDD38}.Release.ActiveCfg = Release|.NET
		{A7504B31-E046-4957-A132-9562423DDD38}.Release.Build.0 = Release|.NET
	EndGlobalSection
	GlobalSection(ExtensibilityGlobals) = postSolution
	EndGlobalSection
	GlobalSection(ExtensibilityAddIns) = postSolution
	EndGlobalSection
EndGlobal
