Microsoft Visual Studio Solution File, Format Version 8.00
Project("{FAE04EC0-301F-11D3-BF4B-00C04F79EFBC}") = "EX4-2", "EX4-2.csproj", "{79EDF73D-EAEF-4FD9-BD57-E1EF624CC946}"
	ProjectSection(ProjectDependencies) = postProject
	EndProjectSection
EndProject
Global
	GlobalSection(SolutionConfiguration) = preSolution
		Debug = Debug
		Release = Release
	EndGlobalSection
	GlobalSection(ProjectConfiguration) = postSolution
		{79EDF73D-EAEF-4FD9-BD57-E1EF624CC946}.Debug.ActiveCfg = Debug|.NET
		{79EDF73D-EAEF-4FD9-BD57-E1EF624CC946}.Debug.Build.0 = Debug|.NET
		{79EDF73D-EAEF-4FD9-BD57-E1EF624CC946}.Release.ActiveCfg = Release|.NET
		{79EDF73D-EAEF-4FD9-BD57-E1EF624CC946}.Release.Build.0 = Release|.NET
	EndGlobalSection
	GlobalSection(ExtensibilityGlobals) = postSolution
	EndGlobalSection
	GlobalSection(ExtensibilityAddIns) = postSolution
	EndGlobalSection
EndGlobal
