Microsoft Visual Studio Solution File, Format Version 8.00
Project("{FAE04EC0-301F-11D3-BF4B-00C04F79EFBC}") = "EX3-2", "EX3-2.csproj", "{D6453B0D-38A6-4586-8A3E-61193726553A}"
	ProjectSection(ProjectDependencies) = postProject
	EndProjectSection
EndProject
Global
	GlobalSection(SolutionConfiguration) = preSolution
		Debug = Debug
		Release = Release
	EndGlobalSection
	GlobalSection(ProjectConfiguration) = postSolution
		{D6453B0D-38A6-4586-8A3E-61193726553A}.Debug.ActiveCfg = Debug|.NET
		{D6453B0D-38A6-4586-8A3E-61193726553A}.Debug.Build.0 = Debug|.NET
		{D6453B0D-38A6-4586-8A3E-61193726553A}.Release.ActiveCfg = Release|.NET
		{D6453B0D-38A6-4586-8A3E-61193726553A}.Release.Build.0 = Release|.NET
	EndGlobalSection
	GlobalSection(ExtensibilityGlobals) = postSolution
	EndGlobalSection
	GlobalSection(ExtensibilityAddIns) = postSolution
	EndGlobalSection
EndGlobal
