Microsoft Visual Studio Solution File, Format Version 8.00
Project("{FAE04EC0-301F-11D3-BF4B-00C04F79EFBC}") = "EX5-8", "EX5-8.csproj", "{48F232D2-2A76-4F5F-8239-ACF752AAE9DF}"
	ProjectSection(ProjectDependencies) = postProject
	EndProjectSection
EndProject
Global
	GlobalSection(SolutionConfiguration) = preSolution
		Debug = Debug
		Release = Release
	EndGlobalSection
	GlobalSection(ProjectConfiguration) = postSolution
		{48F232D2-2A76-4F5F-8239-ACF752AAE9DF}.Debug.ActiveCfg = Debug|.NET
		{48F232D2-2A76-4F5F-8239-ACF752AAE9DF}.Debug.Build.0 = Debug|.NET
		{48F232D2-2A76-4F5F-8239-ACF752AAE9DF}.Release.ActiveCfg = Release|.NET
		{48F232D2-2A76-4F5F-8239-ACF752AAE9DF}.Release.Build.0 = Release|.NET
	EndGlobalSection
	GlobalSection(ExtensibilityGlobals) = postSolution
	EndGlobalSection
	GlobalSection(ExtensibilityAddIns) = postSolution
	EndGlobalSection
EndGlobal
