Microsoft Visual Studio Solution File, Format Version 8.00
Project("{FAE04EC0-301F-11D3-BF4B-00C04F79EFBC}") = "EX11-7", "EX11-7.csproj", "{E416C2AF-C09C-418B-8D48-2E798763D0E2}"
	ProjectSection(ProjectDependencies) = postProject
	EndProjectSection
EndProject
Global
	GlobalSection(SolutionConfiguration) = preSolution
		Debug = Debug
		Release = Release
	EndGlobalSection
	GlobalSection(ProjectConfiguration) = postSolution
		{E416C2AF-C09C-418B-8D48-2E798763D0E2}.Debug.ActiveCfg = Debug|.NET
		{E416C2AF-C09C-418B-8D48-2E798763D0E2}.Debug.Build.0 = Debug|.NET
		{E416C2AF-C09C-418B-8D48-2E798763D0E2}.Release.ActiveCfg = Release|.NET
		{E416C2AF-C09C-418B-8D48-2E798763D0E2}.Release.Build.0 = Release|.NET
	EndGlobalSection
	GlobalSection(ExtensibilityGlobals) = postSolution
	EndGlobalSection
	GlobalSection(ExtensibilityAddIns) = postSolution
	EndGlobalSection
EndGlobal
