Microsoft Visual Studio Solution File, Format Version 8.00
Project("{FAE04EC0-301F-11D3-BF4B-00C04F79EFBC}") = "EX10-3", "EX10-3.csproj", "{0304020B-34AD-4AA9-B787-AED46E730F60}"
	ProjectSection(ProjectDependencies) = postProject
	EndProjectSection
EndProject
Global
	GlobalSection(SolutionConfiguration) = preSolution
		Debug = Debug
		Release = Release
	EndGlobalSection
	GlobalSection(ProjectConfiguration) = postSolution
		{0304020B-34AD-4AA9-B787-AED46E730F60}.Debug.ActiveCfg = Debug|.NET
		{0304020B-34AD-4AA9-B787-AED46E730F60}.Debug.Build.0 = Debug|.NET
		{0304020B-34AD-4AA9-B787-AED46E730F60}.Release.ActiveCfg = Release|.NET
		{0304020B-34AD-4AA9-B787-AED46E730F60}.Release.Build.0 = Release|.NET
	EndGlobalSection
	GlobalSection(ExtensibilityGlobals) = postSolution
	EndGlobalSection
	GlobalSection(ExtensibilityAddIns) = postSolution
	EndGlobalSection
EndGlobal
