Microsoft Visual Studio Solution File, Format Version 8.00
Project("{FAE04EC0-301F-11D3-BF4B-00C04F79EFBC}") = "EX2-3", "EX2-3.csproj", "{D2953159-E033-44E8-8A6E-51E62F3CDE03}"
	ProjectSection(ProjectDependencies) = postProject
	EndProjectSection
EndProject
Global
	GlobalSection(SolutionConfiguration) = preSolution
		Debug = Debug
		Release = Release
	EndGlobalSection
	GlobalSection(ProjectConfiguration) = postSolution
		{D2953159-E033-44E8-8A6E-51E62F3CDE03}.Debug.ActiveCfg = Debug|.NET
		{D2953159-E033-44E8-8A6E-51E62F3CDE03}.Debug.Build.0 = Debug|.NET
		{D2953159-E033-44E8-8A6E-51E62F3CDE03}.Release.ActiveCfg = Release|.NET
		{D2953159-E033-44E8-8A6E-51E62F3CDE03}.Release.Build.0 = Release|.NET
	EndGlobalSection
	GlobalSection(ExtensibilityGlobals) = postSolution
	EndGlobalSection
	GlobalSection(ExtensibilityAddIns) = postSolution
	EndGlobalSection
EndGlobal
