Microsoft Visual Studio Solution File, Format Version 7.00
Project("{FAE04EC0-301F-11D3-BF4B-00C04F79EFBC}") = "DataBase1", "DataBase1.csproj", "{801B6D70-1C38-4DFA-B05D-09D0ADE75474}"
EndProject
Global
	GlobalSection(SolutionConfiguration) = preSolution
		ConfigName.0 = Debug
		ConfigName.1 = Release
	EndGlobalSection
	GlobalSection(ProjectDependencies) = postSolution
	EndGlobalSection
	GlobalSection(ProjectConfiguration) = postSolution
		{801B6D70-1C38-4DFA-B05D-09D0ADE75474}.Debug.ActiveCfg = Debug|.NET
		{801B6D70-1C38-4DFA-B05D-09D0ADE75474}.Debug.Build.0 = Debug|.NET
		{801B6D70-1C38-4DFA-B05D-09D0ADE75474}.Release.ActiveCfg = Release|.NET
		{801B6D70-1C38-4DFA-B05D-09D0ADE75474}.Release.Build.0 = Release|.NET
	EndGlobalSection
	GlobalSection(ExtensibilityGlobals) = postSolution
	EndGlobalSection
	GlobalSection(ExtensibilityAddIns) = postSolution
	EndGlobalSection
EndGlobal
