Microsoft Visual Studio Solution File, Format Version 8.00
Project("{FAE04EC0-301F-11D3-BF4B-00C04F79EFBC}") = "EX14-3", "EX14-3.csproj", "{A3824AB7-AED3-483D-A50D-BE314EB8D559}"
	ProjectSection(ProjectDependencies) = postProject
	EndProjectSection
EndProject
Global
	GlobalSection(SolutionConfiguration) = preSolution
		Debug = Debug
		Release = Release
	EndGlobalSection
	GlobalSection(ProjectConfiguration) = postSolution
		{A3824AB7-AED3-483D-A50D-BE314EB8D559}.Debug.ActiveCfg = Debug|.NET
		{A3824AB7-AED3-483D-A50D-BE314EB8D559}.Debug.Build.0 = Debug|.NET
		{A3824AB7-AED3-483D-A50D-BE314EB8D559}.Release.ActiveCfg = Release|.NET
		{A3824AB7-AED3-483D-A50D-BE314EB8D559}.Release.Build.0 = Release|.NET
	EndGlobalSection
	GlobalSection(ExtensibilityGlobals) = postSolution
	EndGlobalSection
	GlobalSection(ExtensibilityAddIns) = postSolution
	EndGlobalSection
EndGlobal
