Microsoft Visual Studio Solution File, Format Version 7.00
Project("{FAE04EC0-301F-11D3-BF4B-00C04F79EFBC}") = "ReadingXML", "ReadingXML.csproj", "{3BE92EE3-9C4F-4028-80EE-70DE2801B102}"
EndProject
Global
	GlobalSection(SolutionConfiguration) = preSolution
		ConfigName.0 = Debug
		ConfigName.1 = Release
	EndGlobalSection
	GlobalSection(ProjectDependencies) = postSolution
	EndGlobalSection
	GlobalSection(ProjectConfiguration) = postSolution
		{3BE92EE3-9C4F-4028-80EE-70DE2801B102}.Debug.ActiveCfg = Debug|.NET
		{3BE92EE3-9C4F-4028-80EE-70DE2801B102}.Debug.Build.0 = Debug|.NET
		{3BE92EE3-9C4F-4028-80EE-70DE2801B102}.Release.ActiveCfg = Release|.NET
		{3BE92EE3-9C4F-4028-80EE-70DE2801B102}.Release.Build.0 = Release|.NET
	EndGlobalSection
	GlobalSection(ExtensibilityGlobals) = postSolution
	EndGlobalSection
	GlobalSection(ExtensibilityAddIns) = postSolution
	EndGlobalSection
EndGlobal
