Microsoft Visual Studio Solution File, Format Version 8.00
Project("{FAE04EC0-301F-11D3-BF4B-00C04F79EFBC}") = "EX12-2", "EX12-2.csproj", "{4EA6537E-D57C-4A78-9546-6A733395A213}"
	ProjectSection(ProjectDependencies) = postProject
	EndProjectSection
EndProject
Global
	GlobalSection(SolutionConfiguration) = preSolution
		Debug = Debug
		Release = Release
	EndGlobalSection
	GlobalSection(ProjectConfiguration) = postSolution
		{4EA6537E-D57C-4A78-9546-6A733395A213}.Debug.ActiveCfg = Debug|.NET
		{4EA6537E-D57C-4A78-9546-6A733395A213}.Debug.Build.0 = Debug|.NET
		{4EA6537E-D57C-4A78-9546-6A733395A213}.Release.ActiveCfg = Release|.NET
		{4EA6537E-D57C-4A78-9546-6A733395A213}.Release.Build.0 = Release|.NET
	EndGlobalSection
	GlobalSection(ExtensibilityGlobals) = postSolution
	EndGlobalSection
	GlobalSection(ExtensibilityAddIns) = postSolution
	EndGlobalSection
EndGlobal
