Microsoft Visual Studio Solution File, Format Version 7.00
Project("{FAE04EC0-301F-11D3-BF4B-00C04F79EFBC}") = "WebApplicationDataBase2", "http://localhost/WebApplicationDataBase2/WebApplicationDataBase2.csproj", "{880C3396-5769-4B9B-AD3F-736232B3810B}"
EndProject
Global
	GlobalSection(SolutionConfiguration) = preSolution
		ConfigName.0 = Debug
		ConfigName.1 = Release
	EndGlobalSection
	GlobalSection(ProjectDependencies) = postSolution
	EndGlobalSection
	GlobalSection(ProjectConfiguration) = postSolution
		{880C3396-5769-4B9B-AD3F-736232B3810B}.Debug.ActiveCfg = Debug|.NET
		{880C3396-5769-4B9B-AD3F-736232B3810B}.Debug.Build.0 = Debug|.NET
		{880C3396-5769-4B9B-AD3F-736232B3810B}.Release.ActiveCfg = Release|.NET
		{880C3396-5769-4B9B-AD3F-736232B3810B}.Release.Build.0 = Release|.NET
	EndGlobalSection
	GlobalSection(ExtensibilityGlobals) = postSolution
	EndGlobalSection
	GlobalSection(ExtensibilityAddIns) = postSolution
	EndGlobalSection
EndGlobal
