Microsoft Visual Studio Solution File, Format Version 12.00
# Visual Studio Version 16
VisualStudioVersion = 16.0.30225.117
MinimumVisualStudioVersion = 10.0.40219.1
Project("{FAE04EC0-301F-11D3-BF4B-00C04F79EFBC}") = "EX17-1", "EX17-1.csproj", "{670E0155-3497-41D2-B59B-0011294D3815}"
EndProject
Global
	GlobalSection(SolutionConfigurationPlatforms) = preSolution
		Debug|Any CPU = Debug|Any CPU
		Release|Any CPU = Release|Any CPU
	EndGlobalSection
	GlobalSection(ProjectConfigurationPlatforms) = postSolution
		{670E0155-3497-41D2-B59B-0011294D3815}.Debug|Any CPU.ActiveCfg = Debug|Any CPU
		{670E0155-3497-41D2-B59B-0011294D3815}.Debug|Any CPU.Build.0 = Debug|Any CPU
		{670E0155-3497-41D2-B59B-0011294D3815}.Release|Any CPU.ActiveCfg = Release|Any CPU
		{670E0155-3497-41D2-B59B-0011294D3815}.Release|Any CPU.Build.0 = Release|Any CPU
	EndGlobalSection
	GlobalSection(SolutionProperties) = preSolution
		HideSolutionNode = FALSE
	EndGlobalSection
	GlobalSection(ExtensibilityGlobals) = postSolution
		SolutionGuid = {49A3B1AB-074B-40FA-B4FE-A1C3FE195018}
	EndGlobalSection
EndGlobal
