Microsoft Visual Studio Solution File, Format Version 8.00
Project("{FAE04EC0-301F-11D3-BF4B-00C04F79EFBC}") = "EX14-17", "EX14-17.csproj", "{053C2423-F768-4BFB-BAA5-56AAD6A2C6DD}"
	ProjectSection(ProjectDependencies) = postProject
	EndProjectSection
EndProject
Global
	GlobalSection(SolutionConfiguration) = preSolution
		Debug = Debug
		Release = Release
	EndGlobalSection
	GlobalSection(ProjectConfiguration) = postSolution
		{053C2423-F768-4BFB-BAA5-56AAD6A2C6DD}.Debug.ActiveCfg = Debug|.NET
		{053C2423-F768-4BFB-BAA5-56AAD6A2C6DD}.Debug.Build.0 = Debug|.NET
		{053C2423-F768-4BFB-BAA5-56AAD6A2C6DD}.Release.ActiveCfg = Release|.NET
		{053C2423-F768-4BFB-BAA5-56AAD6A2C6DD}.Release.Build.0 = Release|.NET
	EndGlobalSection
	GlobalSection(ExtensibilityGlobals) = postSolution
	EndGlobalSection
	GlobalSection(ExtensibilityAddIns) = postSolution
	EndGlobalSection
EndGlobal
