
Microsoft Visual Studio Solution File, Format Version 12.00
# Visual Studio Version 16
VisualStudioVersion = 16.0.30225.117
MinimumVisualStudioVersion = 10.0.40219.1
Project("{FAE04EC0-301F-11D3-BF4B-00C04F79EFBC}") = "ClassCompositor", "ClassCompositor\ClassCompositor.csproj", "{C9C0C06A-B0AE-4B71-8590-6312EC566351}"
EndProject
Global
	GlobalSection(SolutionConfigurationPlatforms) = preSolution
		Debug|Any CPU = Debug|Any CPU
		Release|Any CPU = Release|Any CPU
	EndGlobalSection
	GlobalSection(ProjectConfigurationPlatforms) = postSolution
		{C9C0C06A-B0AE-4B71-8590-6312EC566351}.Debug|Any CPU.ActiveCfg = Debug|Any CPU
		{C9C0C06A-B0AE-4B71-8590-6312EC566351}.Debug|Any CPU.Build.0 = Debug|Any CPU
		{C9C0C06A-B0AE-4B71-8590-6312EC566351}.Release|Any CPU.ActiveCfg = Release|Any CPU
		{C9C0C06A-B0AE-4B71-8590-6312EC566351}.Release|Any CPU.Build.0 = Release|Any CPU
	EndGlobalSection
	GlobalSection(SolutionProperties) = preSolution
		HideSolutionNode = FALSE
	EndGlobalSection
	GlobalSection(ExtensibilityGlobals) = postSolution
		SolutionGuid = {1899063E-A263-49DF-9B71-43557CD10137}
	EndGlobalSection
EndGlobal
