Microsoft Visual Studio Solution File, Format Version 8.00
Project("{FAE04EC0-301F-11D3-BF4B-00C04F79EFBC}") = "EX14-16", "EX14-16.csproj", "{EC61A8DF-6A79-4B35-9ED5-F9AAF4BD8E80}"
	ProjectSection(ProjectDependencies) = postProject
	EndProjectSection
EndProject
Global
	GlobalSection(SolutionConfiguration) = preSolution
		Debug = Debug
		Release = Release
	EndGlobalSection
	GlobalSection(ProjectConfiguration) = postSolution
		{EC61A8DF-6A79-4B35-9ED5-F9AAF4BD8E80}.Debug.ActiveCfg = Debug|.NET
		{EC61A8DF-6A79-4B35-9ED5-F9AAF4BD8E80}.Debug.Build.0 = Debug|.NET
		{EC61A8DF-6A79-4B35-9ED5-F9AAF4BD8E80}.Release.ActiveCfg = Release|.NET
		{EC61A8DF-6A79-4B35-9ED5-F9AAF4BD8E80}.Release.Build.0 = Release|.NET
	EndGlobalSection
	GlobalSection(ExtensibilityGlobals) = postSolution
	EndGlobalSection
	GlobalSection(ExtensibilityAddIns) = postSolution
	EndGlobalSection
EndGlobal
