Microsoft Visual Studio Solution File, Format Version 8.00
Project("{FAE04EC0-301F-11D3-BF4B-00C04F79EFBC}") = "EX17-1", "EX17-1.csproj", "{670E0155-3497-41D2-B59B-0011294D3815}"
	ProjectSection(ProjectDependencies) = postProject
	EndProjectSection
EndProject
Global
	GlobalSection(SolutionConfiguration) = preSolution
		Debug = Debug
		Release = Release
	EndGlobalSection
	GlobalSection(ProjectConfiguration) = postSolution
		{670E0155-3497-41D2-B59B-0011294D3815}.Debug.ActiveCfg = Debug|.NET
		{670E0155-3497-41D2-B59B-0011294D3815}.Debug.Build.0 = Debug|.NET
		{670E0155-3497-41D2-B59B-0011294D3815}.Release.ActiveCfg = Release|.NET
		{670E0155-3497-41D2-B59B-0011294D3815}.Release.Build.0 = Release|.NET
	EndGlobalSection
	GlobalSection(ExtensibilityGlobals) = postSolution
	EndGlobalSection
	GlobalSection(ExtensibilityAddIns) = postSolution
	EndGlobalSection
EndGlobal
