
Microsoft Visual Studio Solution File, Format Version 12.00
# Visual Studio Version 16
VisualStudioVersion = 16.0.30225.117
MinimumVisualStudioVersion = 10.0.40219.1
Project("{FAE04EC0-301F-11D3-BF4B-00C04F79EFBC}") = "Tetris", "Tetris\Tetris.csproj", "{04236174-246D-4D91-B2EA-DBF51A0F2B4B}"
EndProject
Global
	GlobalSection(SolutionConfigurationPlatforms) = preSolution
		Debug|Any CPU = Debug|Any CPU
		Release|Any CPU = Release|Any CPU
	EndGlobalSection
	GlobalSection(ProjectConfigurationPlatforms) = postSolution
		{04236174-246D-4D91-B2EA-DBF51A0F2B4B}.Debug|Any CPU.ActiveCfg = Debug|Any CPU
		{04236174-246D-4D91-B2EA-DBF51A0F2B4B}.Debug|Any CPU.Build.0 = Debug|Any CPU
		{04236174-246D-4D91-B2EA-DBF51A0F2B4B}.Release|Any CPU.ActiveCfg = Release|Any CPU
		{04236174-246D-4D91-B2EA-DBF51A0F2B4B}.Release|Any CPU.Build.0 = Release|Any CPU
	EndGlobalSection
	GlobalSection(SolutionProperties) = preSolution
		HideSolutionNode = FALSE
	EndGlobalSection
	GlobalSection(ExtensibilityGlobals) = postSolution
		SolutionGuid = {FD1A812F-4D24-46A6-880A-522432081985}
	EndGlobalSection
EndGlobal
