
Microsoft Visual Studio Solution File, Format Version 12.00
# Visual Studio Version 16
VisualStudioVersion = 16.0.30225.117
MinimumVisualStudioVersion = 10.0.40219.1
Project("{FAE04EC0-301F-11D3-BF4B-00C04F79EFBC}") = "TimerSample", "Ex09_60\TimerSample.csproj", "{2BAB7B1B-D9BE-4EE6-B30E-4DEFEFFCDF4E}"
EndProject
Global
	GlobalSection(SolutionConfigurationPlatforms) = preSolution
		Debug|Any CPU = Debug|Any CPU
		Release|Any CPU = Release|Any CPU
	EndGlobalSection
	GlobalSection(ProjectConfigurationPlatforms) = postSolution
		{2BAB7B1B-D9BE-4EE6-B30E-4DEFEFFCDF4E}.Debug|Any CPU.ActiveCfg = Debug|Any CPU
		{2BAB7B1B-D9BE-4EE6-B30E-4DEFEFFCDF4E}.Debug|Any CPU.Build.0 = Debug|Any CPU
		{2BAB7B1B-D9BE-4EE6-B30E-4DEFEFFCDF4E}.Release|Any CPU.ActiveCfg = Release|Any CPU
		{2BAB7B1B-D9BE-4EE6-B30E-4DEFEFFCDF4E}.Release|Any CPU.Build.0 = Release|Any CPU
	EndGlobalSection
	GlobalSection(SolutionProperties) = preSolution
		HideSolutionNode = FALSE
	EndGlobalSection
	GlobalSection(ExtensibilityGlobals) = postSolution
		SolutionGuid = {7B48E9FC-B319-4726-8ABE-407B97F7AE2C}
	EndGlobalSection
EndGlobal
