Microsoft Visual Studio Solution File, Format Version 8.00
Project("{FAE04EC0-301F-11D3-BF4B-00C04F79EFBC}") = "EX14-10", "EX14-10.csproj", "{7F65F0BE-3680-41F5-AB5F-C708C0E19A9B}"
	ProjectSection(ProjectDependencies) = postProject
	EndProjectSection
EndProject
Global
	GlobalSection(SolutionConfiguration) = preSolution
		Debug = Debug
		Release = Release
	EndGlobalSection
	GlobalSection(ProjectConfiguration) = postSolution
		{7F65F0BE-3680-41F5-AB5F-C708C0E19A9B}.Debug.ActiveCfg = Debug|.NET
		{7F65F0BE-3680-41F5-AB5F-C708C0E19A9B}.Debug.Build.0 = Debug|.NET
		{7F65F0BE-3680-41F5-AB5F-C708C0E19A9B}.Release.ActiveCfg = Release|.NET
		{7F65F0BE-3680-41F5-AB5F-C708C0E19A9B}.Release.Build.0 = Release|.NET
	EndGlobalSection
	GlobalSection(ExtensibilityGlobals) = postSolution
	EndGlobalSection
	GlobalSection(ExtensibilityAddIns) = postSolution
	EndGlobalSection
EndGlobal
