
Microsoft Visual Studio Solution File, Format Version 12.00
# Visual Studio Version 16
VisualStudioVersion = 16.0.30225.117
MinimumVisualStudioVersion = 10.0.40219.1
Project("{FAE04EC0-301F-11D3-BF4B-00C04F79EFBC}") = "EmailSendAndReceive", "EmailSendAndReceive\EmailSendAndReceive.csproj", "{476DA806-64CB-4E79-BA16-3CA14D111C90}"
EndProject
Global
	GlobalSection(SolutionConfigurationPlatforms) = preSolution
		Debug|Any CPU = Debug|Any CPU
		Release|Any CPU = Release|Any CPU
	EndGlobalSection
	GlobalSection(ProjectConfigurationPlatforms) = postSolution
		{476DA806-64CB-4E79-BA16-3CA14D111C90}.Debug|Any CPU.ActiveCfg = Debug|Any CPU
		{476DA806-64CB-4E79-BA16-3CA14D111C90}.Debug|Any CPU.Build.0 = Debug|Any CPU
		{476DA806-64CB-4E79-BA16-3CA14D111C90}.Release|Any CPU.ActiveCfg = Release|Any CPU
		{476DA806-64CB-4E79-BA16-3CA14D111C90}.Release|Any CPU.Build.0 = Release|Any CPU
	EndGlobalSection
	GlobalSection(SolutionProperties) = preSolution
		HideSolutionNode = FALSE
	EndGlobalSection
	GlobalSection(ExtensibilityGlobals) = postSolution
		SolutionGuid = {F8F3DB2A-F8A8-455D-BDE4-DCCE4CD07A6F}
	EndGlobalSection
EndGlobal
