Microsoft Visual Studio Solution File, Format Version 8.00
Project("{FAE04EC0-301F-11D3-BF4B-00C04F79EFBC}") = "EX11-2", "EX11-2.csproj", "{0EE9D922-C06A-43E5-B5B3-C9B66739F0E3}"
	ProjectSection(ProjectDependencies) = postProject
	EndProjectSection
EndProject
Global
	GlobalSection(SolutionConfiguration) = preSolution
		Debug = Debug
		Release = Release
	EndGlobalSection
	GlobalSection(ProjectConfiguration) = postSolution
		{0EE9D922-C06A-43E5-B5B3-C9B66739F0E3}.Debug.ActiveCfg = Debug|.NET
		{0EE9D922-C06A-43E5-B5B3-C9B66739F0E3}.Debug.Build.0 = Debug|.NET
		{0EE9D922-C06A-43E5-B5B3-C9B66739F0E3}.Release.ActiveCfg = Release|.NET
		{0EE9D922-C06A-43E5-B5B3-C9B66739F0E3}.Release.Build.0 = Release|.NET
	EndGlobalSection
	GlobalSection(ExtensibilityGlobals) = postSolution
	EndGlobalSection
	GlobalSection(ExtensibilityAddIns) = postSolution
	EndGlobalSection
EndGlobal
