Microsoft Visual Studio Solution File, Format Version 8.00
Project("{FAE04EC0-301F-11D3-BF4B-00C04F79EFBC}") = "EX15-5", "EX15-5.csproj", "{FC9438F5-E939-454F-970F-87F6E2E23B8E}"
	ProjectSection(ProjectDependencies) = postProject
	EndProjectSection
EndProject
Global
	GlobalSection(SolutionConfiguration) = preSolution
		Debug = Debug
		Release = Release
	EndGlobalSection
	GlobalSection(ProjectConfiguration) = postSolution
		{FC9438F5-E939-454F-970F-87F6E2E23B8E}.Debug.ActiveCfg = Debug|.NET
		{FC9438F5-E939-454F-970F-87F6E2E23B8E}.Debug.Build.0 = Debug|.NET
		{FC9438F5-E939-454F-970F-87F6E2E23B8E}.Release.ActiveCfg = Release|.NET
		{FC9438F5-E939-454F-970F-87F6E2E23B8E}.Release.Build.0 = Release|.NET
	EndGlobalSection
	GlobalSection(ExtensibilityGlobals) = postSolution
	EndGlobalSection
	GlobalSection(ExtensibilityAddIns) = postSolution
	EndGlobalSection
EndGlobal
