Microsoft Visual Studio Solution File, Format Version 8.00
Project("{FAE04EC0-301F-11D3-BF4B-00C04F79EFBC}") = "EX14-7", "EX14-7.csproj", "{2FA4B69E-A7FC-4060-BD7A-E7D002545075}"
	ProjectSection(ProjectDependencies) = postProject
	EndProjectSection
EndProject
Global
	GlobalSection(SolutionConfiguration) = preSolution
		Debug = Debug
		Release = Release
	EndGlobalSection
	GlobalSection(ProjectConfiguration) = postSolution
		{2FA4B69E-A7FC-4060-BD7A-E7D002545075}.Debug.ActiveCfg = Debug|.NET
		{2FA4B69E-A7FC-4060-BD7A-E7D002545075}.Debug.Build.0 = Debug|.NET
		{2FA4B69E-A7FC-4060-BD7A-E7D002545075}.Release.ActiveCfg = Release|.NET
		{2FA4B69E-A7FC-4060-BD7A-E7D002545075}.Release.Build.0 = Release|.NET
	EndGlobalSection
	GlobalSection(ExtensibilityGlobals) = postSolution
	EndGlobalSection
	GlobalSection(ExtensibilityAddIns) = postSolution
	EndGlobalSection
EndGlobal
