Microsoft Visual Studio Solution File, Format Version 7.00
Project("{FAE04EC0-301F-11D3-BF4B-00C04F79EFBC}") = "TalkServer", "TalkServer.csproj", "{A4F8140D-F991-4008-ACD8-45F2E474AF05}"
EndProject
Global
	GlobalSection(SolutionConfiguration) = preSolution
		ConfigName.0 = Debug
		ConfigName.1 = Release
	EndGlobalSection
	GlobalSection(ProjectDependencies) = postSolution
	EndGlobalSection
	GlobalSection(ProjectConfiguration) = postSolution
		{A4F8140D-F991-4008-ACD8-45F2E474AF05}.Debug.ActiveCfg = Debug|.NET
		{A4F8140D-F991-4008-ACD8-45F2E474AF05}.Debug.Build.0 = Debug|.NET
		{A4F8140D-F991-4008-ACD8-45F2E474AF05}.Release.ActiveCfg = Release|.NET
		{A4F8140D-F991-4008-ACD8-45F2E474AF05}.Release.Build.0 = Release|.NET
	EndGlobalSection
	GlobalSection(ExtensibilityGlobals) = postSolution
	EndGlobalSection
	GlobalSection(ExtensibilityAddIns) = postSolution
	EndGlobalSection
EndGlobal
