Microsoft Visual Studio Solution File, Format Version 7.00
Project("{FAE04EC0-301F-11D3-BF4B-00C04F79EFBC}") = "StartMSWordApp", "StartMSWordApp.csproj", "{51B08695-432E-4F9C-8C6A-C7BD2D7C42AD}"
EndProject
Global
	GlobalSection(SolutionConfiguration) = preSolution
		ConfigName.0 = Debug
		ConfigName.1 = Release
	EndGlobalSection
	GlobalSection(ProjectDependencies) = postSolution
	EndGlobalSection
	GlobalSection(ProjectConfiguration) = postSolution
		{51B08695-432E-4F9C-8C6A-C7BD2D7C42AD}.Debug.ActiveCfg = Debug|.NET
		{51B08695-432E-4F9C-8C6A-C7BD2D7C42AD}.Debug.Build.0 = Debug|.NET
		{51B08695-432E-4F9C-8C6A-C7BD2D7C42AD}.Release.ActiveCfg = Release|.NET
		{51B08695-432E-4F9C-8C6A-C7BD2D7C42AD}.Release.Build.0 = Release|.NET
	EndGlobalSection
	GlobalSection(ExtensibilityGlobals) = postSolution
	EndGlobalSection
	GlobalSection(ExtensibilityAddIns) = postSolution
	EndGlobalSection
EndGlobal
