Microsoft Visual Studio Solution File, Format Version 8.00
Project("{FAE04EC0-301F-11D3-BF4B-00C04F79EFBC}") = "EX8-9", "http://localhost/EX8-9/EX8-9.csproj", "{8B77D21D-BE84-4DED-BB32-403C7875428E}"
	ProjectSection(ProjectDependencies) = postProject
	EndProjectSection
EndProject
Global
	GlobalSection(SolutionConfiguration) = preSolution
		Debug = Debug
		Release = Release
	EndGlobalSection
	GlobalSection(ProjectConfiguration) = postSolution
		{8B77D21D-BE84-4DED-BB32-403C7875428E}.Debug.ActiveCfg = Debug|.NET
		{8B77D21D-BE84-4DED-BB32-403C7875428E}.Debug.Build.0 = Debug|.NET
		{8B77D21D-BE84-4DED-BB32-403C7875428E}.Release.ActiveCfg = Release|.NET
		{8B77D21D-BE84-4DED-BB32-403C7875428E}.Release.Build.0 = Release|.NET
	EndGlobalSection
	GlobalSection(ExtensibilityGlobals) = postSolution
	EndGlobalSection
	GlobalSection(ExtensibilityAddIns) = postSolution
	EndGlobalSection
EndGlobal
